PODS:
  - Just (0.7.1)
  - Kingfisher (4.10.1)
  - SwiftyVK (3.3.1)

DEPENDENCIES:
  - Just
  - Kingfisher
  - SwiftyVK

SPEC REPOS:
  https://github.com/cocoapods/specs.git:
    - Just
    - Kingfisher
    - SwiftyVK

SPEC CHECKSUMS:
  Just: 60c0995e04718eb621a07abef45ce6883c562f2b
  Kingfisher: c148cd7b47ebde9989f6bc7c27dcaa79d81279a0
  SwiftyVK: 5a10472a1aeee70eb6463ca3d5628860a51c7bce

PODFILE CHECKSUM: 5c727f1665566b1adf08e9cac7fb15a6cfbc5ff1

COCOAPODS: 1.6.1
