// !$*UTF8*$!
{
	archiveVersion = 1;
	classes = {
	};
	objectVersion = 50;
	objects = {

/* Begin PBXBuildFile section */
		860583842247C12E008C0FFA /* Category.swift in Sources */ = {isa = PBXBuildFile; fileRef = 860583832247C12E008C0FFA /* Category.swift */; };
		8605E741223846C600F667D4 /* SideTableTableViewController.swift in Sources */ = {isa = PBXBuildFile; fileRef = 8605E740223846C600F667D4 /* SideTableTableViewController.swift */; };
		8621AE3D225F94B000A256F5 /* GetFirstTableViewController.swift in Sources */ = {isa = PBXBuildFile; fileRef = 8621AE3C225F94B000A256F5 /* GetFirstTableViewController.swift */; };
		8621AE42225FAEF700A256F5 /* CampusPickerViewController.swift in Sources */ = {isa = PBXBuildFile; fileRef = 8621AE41225FAEF700A256F5 /* CampusPickerViewController.swift */; };
		8621AE45225FC2CB00A256F5 /* TimePickerViewController.swift in Sources */ = {isa = PBXBuildFile; fileRef = 8621AE44225FC2CB00A256F5 /* TimePickerViewController.swift */; };
		8621AE47225FE19C00A256F5 /* RouteDataModel.swift in Sources */ = {isa = PBXBuildFile; fileRef = 8621AE46225FE19C00A256F5 /* RouteDataModel.swift */; };
		8621AE4B225FE2D200A256F5 /* Date.swift in Sources */ = {isa = PBXBuildFile; fileRef = 8621AE4A225FE2D200A256F5 /* Date.swift */; };
		8628929A21EFA9B2007BA072 /* AppDelegate.swift in Sources */ = {isa = PBXBuildFile; fileRef = 8628929921EFA9B2007BA072 /* AppDelegate.swift */; };
		8628929C21EFA9B2007BA072 /* LoginViewController.swift in Sources */ = {isa = PBXBuildFile; fileRef = 8628929B21EFA9B2007BA072 /* LoginViewController.swift */; };
		8628929F21EFA9B2007BA072 /* Main.storyboard in Resources */ = {isa = PBXBuildFile; fileRef = 8628929D21EFA9B2007BA072 /* Main.storyboard */; };
		862892A121EFA9B4007BA072 /* Assets.xcassets in Resources */ = {isa = PBXBuildFile; fileRef = 862892A021EFA9B4007BA072 /* Assets.xcassets */; };
		862892A421EFA9B4007BA072 /* LaunchScreen.storyboard in Resources */ = {isa = PBXBuildFile; fileRef = 862892A221EFA9B4007BA072 /* LaunchScreen.storyboard */; };
		8629FC5E2232F8ED00C55F86 /* PostsViewController.swift in Sources */ = {isa = PBXBuildFile; fileRef = 8629FC5D2232F8ED00C55F86 /* PostsViewController.swift */; };
		8629FC612232F94E00C55F86 /* PostsCell.swift in Sources */ = {isa = PBXBuildFile; fileRef = 8629FC602232F94E00C55F86 /* PostsCell.swift */; };
		862B28C1223D5FF500EAA0AB /* CleaningViewController.swift in Sources */ = {isa = PBXBuildFile; fileRef = 862B28C0223D5FF500EAA0AB /* CleaningViewController.swift */; };
		862B28D1223D870100EAA0AB /* Model.xcdatamodeld in Sources */ = {isa = PBXBuildFile; fileRef = 862B28CF223D870100EAA0AB /* Model.xcdatamodeld */; };
		862B28D3223D879900EAA0AB /* CoreDataStack.swift in Sources */ = {isa = PBXBuildFile; fileRef = 862B28D2223D879900EAA0AB /* CoreDataStack.swift */; };
		862B28D5223D8B8300EAA0AB /* StorageManager.swift in Sources */ = {isa = PBXBuildFile; fileRef = 862B28D4223D8B8300EAA0AB /* StorageManager.swift */; };
		862C159C22344A9E00299C53 /* PostModel.swift in Sources */ = {isa = PBXBuildFile; fileRef = 862C159B22344A9E00299C53 /* PostModel.swift */; };
		8651723522665195001FBA06 /* SendEmailViewController.swift in Sources */ = {isa = PBXBuildFile; fileRef = 8651723422665195001FBA06 /* SendEmailViewController.swift */; };
		8651723722665BD4001FBA06 /* MessageUI.framework in Frameworks */ = {isa = PBXBuildFile; fileRef = 8651723622665BD4001FBA06 /* MessageUI.framework */; };
		8651723B22688327001FBA06 /* Localizable.strings in Resources */ = {isa = PBXBuildFile; fileRef = 8651723A22688327001FBA06 /* Localizable.strings */; };
		8673081E223D984F00D80A08 /* Post+Save.swift in Sources */ = {isa = PBXBuildFile; fileRef = 8673081D223D984F00D80A08 /* Post+Save.swift */; };
		867DE7702201FA68008C0B26 /* Montserrat-Regular.ttf in Resources */ = {isa = PBXBuildFile; fileRef = 867DE76F2201FA68008C0B26 /* Montserrat-Regular.ttf */; };
		867DE77222020218008C0B26 /* Montserrat-Medium.ttf in Resources */ = {isa = PBXBuildFile; fileRef = 867DE77122020218008C0B26 /* Montserrat-Medium.ttf */; };
		867DE77422020B7E008C0B26 /* Monaco.ttf in Resources */ = {isa = PBXBuildFile; fileRef = 867DE77322020B7E008C0B26 /* Monaco.ttf */; };
		867DE7762202FC83008C0B26 /* Gradient.swift in Sources */ = {isa = PBXBuildFile; fileRef = 867DE7752202FC83008C0B26 /* Gradient.swift */; };
		867DE77822032806008C0B26 /* ConstantColors.swift in Sources */ = {isa = PBXBuildFile; fileRef = 867DE77722032806008C0B26 /* ConstantColors.swift */; };
		868CCFF6226228CF004849BE /* ScheduleService.swift in Sources */ = {isa = PBXBuildFile; fileRef = 868CCFF5226228CF004849BE /* ScheduleService.swift */; };
		868CCFF92262669F004849BE /* RouteTableTableViewController.swift in Sources */ = {isa = PBXBuildFile; fileRef = 868CCFF82262669F004849BE /* RouteTableTableViewController.swift */; };
		868CCFFE22634006004849BE /* Dormitories.plist in Resources */ = {isa = PBXBuildFile; fileRef = 868CCFFA22634006004849BE /* Dormitories.plist */; };
		868CCFFF22634006004849BE /* Subways.plist in Resources */ = {isa = PBXBuildFile; fileRef = 868CCFFB22634006004849BE /* Subways.plist */; };
		868CD00022634006004849BE /* Stations.plist in Resources */ = {isa = PBXBuildFile; fileRef = 868CCFFC22634006004849BE /* Stations.plist */; };
		868CD00122634006004849BE /* Campuses.plist in Resources */ = {isa = PBXBuildFile; fileRef = 868CCFFD22634006004849BE /* Campuses.plist */; };
		868CD0022263611F004849BE /* RouteStep.swift in Sources */ = {isa = PBXBuildFile; fileRef = 8621AE48225FE21700A256F5 /* RouteStep.swift */; };
		8695A0A0225A6F680088BBFA /* CreatePostViewController.swift in Sources */ = {isa = PBXBuildFile; fileRef = 8695A09F225A6F680088BBFA /* CreatePostViewController.swift */; };
		869D115D0F46B49D00A22141 /* CategoryViewController.swift in Sources */ = {isa = PBXBuildFile; fileRef = 869D115C0F46B49D00A22141 /* CategoryViewController.swift */; };
		86A2E850223EBA1F0086829C /* FavoritesViewController.swift in Sources */ = {isa = PBXBuildFile; fileRef = 86A2E84F223EBA1F0086829C /* FavoritesViewController.swift */; };
		86A2E853223FD4EA0086829C /* ProfileViewController.swift in Sources */ = {isa = PBXBuildFile; fileRef = 86A2E852223FD4EA0086829C /* ProfileViewController.swift */; };
		86A2E8562240E44E0086829C /* AboutAppViewController.swift in Sources */ = {isa = PBXBuildFile; fileRef = 86A2E8552240E44E0086829C /* AboutAppViewController.swift */; };
		86A6B4DD22304BF1002DEFF2 /* SWRevealViewController.m in Sources */ = {isa = PBXBuildFile; fileRef = 86A6B4DB22304BF1002DEFF2 /* SWRevealViewController.m */; };
		86A6B4E022305B13002DEFF2 /* Extensions.swift in Sources */ = {isa = PBXBuildFile; fileRef = 86A6B4DF22305B13002DEFF2 /* Extensions.swift */; };
		86A6B4E322305EF7002DEFF2 /* LogInModel.swift in Sources */ = {isa = PBXBuildFile; fileRef = 86A6B4E222305EF7002DEFF2 /* LogInModel.swift */; };
		86D27CB2222C1B4D00CCC60C /* VKDelegate.swift in Sources */ = {isa = PBXBuildFile; fileRef = 86D27CB1222C1B4D00CCC60C /* VKDelegate.swift */; };
		86FB9E2B221DC558006AB18E /* CategoryCollectionViewCell.swift in Sources */ = {isa = PBXBuildFile; fileRef = 86FB9E2A221DC558006AB18E /* CategoryCollectionViewCell.swift */; };
		882A5C212200F26700D277A5 /* Montserrat-Bold.ttf in Resources */ = {isa = PBXBuildFile; fileRef = 882A5C202200F26700D277A5 /* Montserrat-Bold.ttf */; };
		A982754FB97FC6F611B24D92 /* Pods_App_hse.framework in Frameworks */ = {isa = PBXBuildFile; fileRef = 3E758072F2991C01F43B6FA4 /* Pods_App_hse.framework */; };
/* End PBXBuildFile section */

/* Begin PBXFileReference section */
		3E758072F2991C01F43B6FA4 /* Pods_App_hse.framework */ = {isa = PBXFileReference; explicitFileType = wrapper.framework; includeInIndex = 0; path = Pods_App_hse.framework; sourceTree = BUILT_PRODUCTS_DIR; };
		860583832247C12E008C0FFA /* Category.swift */ = {isa = PBXFileReference; lastKnownFileType = sourcecode.swift; path = Category.swift; sourceTree = "<group>"; };
		8605E740223846C600F667D4 /* SideTableTableViewController.swift */ = {isa = PBXFileReference; lastKnownFileType = sourcecode.swift; path = SideTableTableViewController.swift; sourceTree = "<group>"; };
		8621AE3C225F94B000A256F5 /* GetFirstTableViewController.swift */ = {isa = PBXFileReference; lastKnownFileType = sourcecode.swift; path = GetFirstTableViewController.swift; sourceTree = "<group>"; };
		8621AE41225FAEF700A256F5 /* CampusPickerViewController.swift */ = {isa = PBXFileReference; lastKnownFileType = sourcecode.swift; path = CampusPickerViewController.swift; sourceTree = "<group>"; };
		8621AE43225FC0A000A256F5 /* App_hse-Bridging-Header.h */ = {isa = PBXFileReference; fileEncoding = 4; lastKnownFileType = sourcecode.c.h; path = "App_hse-Bridging-Header.h"; sourceTree = "<group>"; };
		8621AE44225FC2CB00A256F5 /* TimePickerViewController.swift */ = {isa = PBXFileReference; lastKnownFileType = sourcecode.swift; path = TimePickerViewController.swift; sourceTree = "<group>"; };
		8621AE46225FE19C00A256F5 /* RouteDataModel.swift */ = {isa = PBXFileReference; lastKnownFileType = sourcecode.swift; path = RouteDataModel.swift; sourceTree = "<group>"; };
		8621AE48225FE21700A256F5 /* RouteStep.swift */ = {isa = PBXFileReference; lastKnownFileType = sourcecode.swift; path = RouteStep.swift; sourceTree = "<group>"; };
		8621AE4A225FE2D200A256F5 /* Date.swift */ = {isa = PBXFileReference; lastKnownFileType = sourcecode.swift; path = Date.swift; sourceTree = "<group>"; };
		8628929621EFA9B2007BA072 /* App_hse.app */ = {isa = PBXFileReference; explicitFileType = wrapper.application; includeInIndex = 0; path = App_hse.app; sourceTree = BUILT_PRODUCTS_DIR; };
		8628929921EFA9B2007BA072 /* AppDelegate.swift */ = {isa = PBXFileReference; lastKnownFileType = sourcecode.swift; path = AppDelegate.swift; sourceTree = "<group>"; };
		8628929B21EFA9B2007BA072 /* LoginViewController.swift */ = {isa = PBXFileReference; lastKnownFileType = sourcecode.swift; path = LoginViewController.swift; sourceTree = "<group>"; };
		8628929E21EFA9B2007BA072 /* Base */ = {isa = PBXFileReference; lastKnownFileType = file.storyboard; name = Base; path = Base.lproj/Main.storyboard; sourceTree = "<group>"; };
		862892A021EFA9B4007BA072 /* Assets.xcassets */ = {isa = PBXFileReference; lastKnownFileType = folder.assetcatalog; path = Assets.xcassets; sourceTree = "<group>"; };
		862892A321EFA9B4007BA072 /* Base */ = {isa = PBXFileReference; lastKnownFileType = file.storyboard; name = Base; path = Base.lproj/LaunchScreen.storyboard; sourceTree = "<group>"; };
		862892A521EFA9B4007BA072 /* Info.plist */ = {isa = PBXFileReference; lastKnownFileType = text.plist.xml; path = Info.plist; sourceTree = "<group>"; };
		8629FC5D2232F8ED00C55F86 /* PostsViewController.swift */ = {isa = PBXFileReference; lastKnownFileType = sourcecode.swift; path = PostsViewController.swift; sourceTree = "<group>"; };
		8629FC602232F94E00C55F86 /* PostsCell.swift */ = {isa = PBXFileReference; lastKnownFileType = sourcecode.swift; path = PostsCell.swift; sourceTree = "<group>"; };
		862B28C0223D5FF500EAA0AB /* CleaningViewController.swift */ = {isa = PBXFileReference; lastKnownFileType = sourcecode.swift; path = CleaningViewController.swift; sourceTree = "<group>"; };
		862B28D0223D870100EAA0AB /* Model.xcdatamodel */ = {isa = PBXFileReference; lastKnownFileType = wrapper.xcdatamodel; path = Model.xcdatamodel; sourceTree = "<group>"; };
		862B28D2223D879900EAA0AB /* CoreDataStack.swift */ = {isa = PBXFileReference; fileEncoding = 4; lastKnownFileType = sourcecode.swift; path = CoreDataStack.swift; sourceTree = "<group>"; };
		862B28D4223D8B8300EAA0AB /* StorageManager.swift */ = {isa = PBXFileReference; fileEncoding = 4; lastKnownFileType = sourcecode.swift; path = StorageManager.swift; sourceTree = "<group>"; };
		862C159B22344A9E00299C53 /* PostModel.swift */ = {isa = PBXFileReference; lastKnownFileType = sourcecode.swift; path = PostModel.swift; sourceTree = "<group>"; };
		8651723422665195001FBA06 /* SendEmailViewController.swift */ = {isa = PBXFileReference; lastKnownFileType = sourcecode.swift; name = SendEmailViewController.swift; path = ../GetToUn/Controllers/SendEmailViewController.swift; sourceTree = "<group>"; };
		8651723622665BD4001FBA06 /* MessageUI.framework */ = {isa = PBXFileReference; lastKnownFileType = wrapper.framework; name = MessageUI.framework; path = System/Library/Frameworks/MessageUI.framework; sourceTree = SDKROOT; };
		8651723A22688327001FBA06 /* Localizable.strings */ = {isa = PBXFileReference; fileEncoding = 4; lastKnownFileType = text.plist.strings; path = Localizable.strings; sourceTree = "<group>"; };
		8673081D223D984F00D80A08 /* Post+Save.swift */ = {isa = PBXFileReference; lastKnownFileType = sourcecode.swift; path = "Post+Save.swift"; sourceTree = "<group>"; };
		867DE76F2201FA68008C0B26 /* Montserrat-Regular.ttf */ = {isa = PBXFileReference; lastKnownFileType = file; path = "Montserrat-Regular.ttf"; sourceTree = "<group>"; };
		867DE77122020218008C0B26 /* Montserrat-Medium.ttf */ = {isa = PBXFileReference; lastKnownFileType = file; path = "Montserrat-Medium.ttf"; sourceTree = "<group>"; };
		867DE77322020B7E008C0B26 /* Monaco.ttf */ = {isa = PBXFileReference; lastKnownFileType = file; name = Monaco.ttf; path = ../../fonts/Monaco.ttf; sourceTree = "<group>"; };
		867DE7752202FC83008C0B26 /* Gradient.swift */ = {isa = PBXFileReference; lastKnownFileType = sourcecode.swift; path = Gradient.swift; sourceTree = "<group>"; };
		867DE77722032806008C0B26 /* ConstantColors.swift */ = {isa = PBXFileReference; lastKnownFileType = sourcecode.swift; path = ConstantColors.swift; sourceTree = "<group>"; };
		868CCFF5226228CF004849BE /* ScheduleService.swift */ = {isa = PBXFileReference; lastKnownFileType = sourcecode.swift; path = ScheduleService.swift; sourceTree = "<group>"; };
		868CCFF82262669F004849BE /* RouteTableTableViewController.swift */ = {isa = PBXFileReference; lastKnownFileType = sourcecode.swift; path = RouteTableTableViewController.swift; sourceTree = "<group>"; };
		868CCFFA22634006004849BE /* Dormitories.plist */ = {isa = PBXFileReference; fileEncoding = 4; lastKnownFileType = text.plist.xml; path = Dormitories.plist; sourceTree = "<group>"; };
		868CCFFB22634006004849BE /* Subways.plist */ = {isa = PBXFileReference; fileEncoding = 4; lastKnownFileType = text.plist.xml; path = Subways.plist; sourceTree = "<group>"; };
		868CCFFC22634006004849BE /* Stations.plist */ = {isa = PBXFileReference; fileEncoding = 4; lastKnownFileType = text.plist.xml; path = Stations.plist; sourceTree = "<group>"; };
		868CCFFD22634006004849BE /* Campuses.plist */ = {isa = PBXFileReference; fileEncoding = 4; lastKnownFileType = text.plist.xml; path = Campuses.plist; sourceTree = "<group>"; };
		8695A09F225A6F680088BBFA /* CreatePostViewController.swift */ = {isa = PBXFileReference; lastKnownFileType = sourcecode.swift; path = CreatePostViewController.swift; sourceTree = "<group>"; };
		869D115C0F46B49D00A22141 /* CategoryViewController.swift */ = {isa = PBXFileReference; lastKnownFileType = sourcecode.swift; path = CategoryViewController.swift; sourceTree = "<group>"; };
		86A2E84F223EBA1F0086829C /* FavoritesViewController.swift */ = {isa = PBXFileReference; lastKnownFileType = sourcecode.swift; path = FavoritesViewController.swift; sourceTree = "<group>"; };
		86A2E852223FD4EA0086829C /* ProfileViewController.swift */ = {isa = PBXFileReference; lastKnownFileType = sourcecode.swift; path = ProfileViewController.swift; sourceTree = "<group>"; };
		86A2E8552240E44E0086829C /* AboutAppViewController.swift */ = {isa = PBXFileReference; lastKnownFileType = sourcecode.swift; path = AboutAppViewController.swift; sourceTree = "<group>"; };
		86A6B4DB22304BF1002DEFF2 /* SWRevealViewController.m */ = {isa = PBXFileReference; fileEncoding = 4; lastKnownFileType = sourcecode.c.objc; path = SWRevealViewController.m; sourceTree = "<group>"; };
		86A6B4DC22304BF1002DEFF2 /* SWRevealViewController.h */ = {isa = PBXFileReference; fileEncoding = 4; lastKnownFileType = sourcecode.c.h; path = SWRevealViewController.h; sourceTree = "<group>"; };
		86A6B4DF22305B13002DEFF2 /* Extensions.swift */ = {isa = PBXFileReference; lastKnownFileType = sourcecode.swift; path = Extensions.swift; sourceTree = "<group>"; };
		86A6B4E222305EF7002DEFF2 /* LogInModel.swift */ = {isa = PBXFileReference; lastKnownFileType = sourcecode.swift; path = LogInModel.swift; sourceTree = "<group>"; };
		86D27CB1222C1B4D00CCC60C /* VKDelegate.swift */ = {isa = PBXFileReference; lastKnownFileType = sourcecode.swift; path = VKDelegate.swift; sourceTree = "<group>"; };
		86FB9E2A221DC558006AB18E /* CategoryCollectionViewCell.swift */ = {isa = PBXFileReference; lastKnownFileType = sourcecode.swift; path = CategoryCollectionViewCell.swift; sourceTree = "<group>"; };
		882A5C202200F26700D277A5 /* Montserrat-Bold.ttf */ = {isa = PBXFileReference; lastKnownFileType = file; path = "Montserrat-Bold.ttf"; sourceTree = "<group>"; };
		AC912F3562BCCBDA5FEABAFA /* Pods-App_hse.debug.xcconfig */ = {isa = PBXFileReference; includeInIndex = 1; lastKnownFileType = text.xcconfig; name = "Pods-App_hse.debug.xcconfig"; path = "Target Support Files/Pods-App_hse/Pods-App_hse.debug.xcconfig"; sourceTree = "<group>"; };
		D0FC799F140FAF366CCB6AD0 /* Pods-App_hse.release.xcconfig */ = {isa = PBXFileReference; includeInIndex = 1; lastKnownFileType = text.xcconfig; name = "Pods-App_hse.release.xcconfig"; path = "Target Support Files/Pods-App_hse/Pods-App_hse.release.xcconfig"; sourceTree = "<group>"; };
/* End PBXFileReference section */

/* Begin PBXFrameworksBuildPhase section */
		8628929321EFA9B2007BA072 /* Frameworks */ = {
			isa = PBXFrameworksBuildPhase;
			buildActionMask = 2147483647;
			files = (
				8651723722665BD4001FBA06 /* MessageUI.framework in Frameworks */,
				A982754FB97FC6F611B24D92 /* Pods_App_hse.framework in Frameworks */,
			);
			runOnlyForDeploymentPostprocessing = 0;
		};
/* End PBXFrameworksBuildPhase section */

/* Begin PBXGroup section */
		3DE9A566738F875F1F951133 /* Pods */ = {
			isa = PBXGroup;
			children = (
				AC912F3562BCCBDA5FEABAFA /* Pods-App_hse.debug.xcconfig */,
				D0FC799F140FAF366CCB6AD0 /* Pods-App_hse.release.xcconfig */,
			);
			path = Pods;
			sourceTree = "<group>";
		};
		8621AE39225D2AB600A256F5 /* GetToUn */ = {
			isa = PBXGroup;
			children = (
				868CCFF72262661C004849BE /* PlistsFiles */,
				8621AE3B225D2AE000A256F5 /* ModelsRoad */,
				8621AE3A225D2ACF00A256F5 /* Controllers */,
			);
			path = GetToUn;
			sourceTree = "<group>";
		};
		8621AE3A225D2ACF00A256F5 /* Controllers */ = {
			isa = PBXGroup;
			children = (
				8621AE3C225F94B000A256F5 /* GetFirstTableViewController.swift */,
				8621AE41225FAEF700A256F5 /* CampusPickerViewController.swift */,
				8621AE44225FC2CB00A256F5 /* TimePickerViewController.swift */,
				868CCFF82262669F004849BE /* RouteTableTableViewController.swift */,
			);
			path = Controllers;
			sourceTree = "<group>";
		};
		8621AE3B225D2AE000A256F5 /* ModelsRoad */ = {
			isa = PBXGroup;
			children = (
				8621AE46225FE19C00A256F5 /* RouteDataModel.swift */,
				8621AE48225FE21700A256F5 /* RouteStep.swift */,
				8621AE4A225FE2D200A256F5 /* Date.swift */,
				868CCFF5226228CF004849BE /* ScheduleService.swift */,
			);
			path = ModelsRoad;
			sourceTree = "<group>";
		};
		8628928D21EFA9B2007BA072 = {
			isa = PBXGroup;
			children = (
				882A5C1F2200F26700D277A5 /* fonts */,
				8628929821EFA9B2007BA072 /* App_hse */,
				8628929721EFA9B2007BA072 /* Products */,
				3DE9A566738F875F1F951133 /* Pods */,
				ECF8AF73EE97468AC8DD9AE2 /* Frameworks */,
			);
			sourceTree = "<group>";
		};
		8628929721EFA9B2007BA072 /* Products */ = {
			isa = PBXGroup;
			children = (
				8628929621EFA9B2007BA072 /* App_hse.app */,
			);
			name = Products;
			sourceTree = "<group>";
		};
		8628929821EFA9B2007BA072 /* App_hse */ = {
			isa = PBXGroup;
			children = (
				862B28C5223D862800EAA0AB /* CoreData */,
				86A6B4E122305E9F002DEFF2 /* Models */,
				86D27CB0222C19F400CCC60C /* Services */,
				86A2E854223FD4FF0086829C /* From Side Menu */,
				86FB9E2E222717DA006AB18E /* Side Menu */,
				8629FC5F2232F8FF00C55F86 /* Posts */,
				86A2E851223EBA250086829C /* Favorites */,
				86FB9E2C22252A4D006AB18E /* Categories */,
				8621AE39225D2AB600A256F5 /* GetToUn */,
				86FB9E2D22252AE4006AB18E /* Colors */,
				8628929921EFA9B2007BA072 /* AppDelegate.swift */,
				8628929B21EFA9B2007BA072 /* LoginViewController.swift */,
				8628929D21EFA9B2007BA072 /* Main.storyboard */,
				862892A021EFA9B4007BA072 /* Assets.xcassets */,
				862892A221EFA9B4007BA072 /* LaunchScreen.storyboard */,
				862892A521EFA9B4007BA072 /* Info.plist */,
			);
			path = App_hse;
			sourceTree = "<group>";
		};
		8629FC5F2232F8FF00C55F86 /* Posts */ = {
			isa = PBXGroup;
			children = (
				8629FC5D2232F8ED00C55F86 /* PostsViewController.swift */,
				8629FC602232F94E00C55F86 /* PostsCell.swift */,
			);
			path = Posts;
			sourceTree = "<group>";
		};
		862B28C5223D862800EAA0AB /* CoreData */ = {
			isa = PBXGroup;
			children = (
				862B28D4223D8B8300EAA0AB /* StorageManager.swift */,
				862B28D2223D879900EAA0AB /* CoreDataStack.swift */,
				862B28CF223D870100EAA0AB /* Model.xcdatamodeld */,
				8673081D223D984F00D80A08 /* Post+Save.swift */,
			);
			path = CoreData;
			sourceTree = "<group>";
		};
		868CCFF72262661C004849BE /* PlistsFiles */ = {
			isa = PBXGroup;
			children = (
				8651723A22688327001FBA06 /* Localizable.strings */,
				868CCFFD22634006004849BE /* Campuses.plist */,
				868CCFFA22634006004849BE /* Dormitories.plist */,
				868CCFFC22634006004849BE /* Stations.plist */,
				868CCFFB22634006004849BE /* Subways.plist */,
			);
			path = PlistsFiles;
			sourceTree = "<group>";
		};
		86A2E851223EBA250086829C /* Favorites */ = {
			isa = PBXGroup;
			children = (
				86A2E84F223EBA1F0086829C /* FavoritesViewController.swift */,
			);
			path = Favorites;
			sourceTree = "<group>";
		};
		86A2E854223FD4FF0086829C /* From Side Menu */ = {
			isa = PBXGroup;
			children = (
				8695A09F225A6F680088BBFA /* CreatePostViewController.swift */,
				86A2E852223FD4EA0086829C /* ProfileViewController.swift */,
				86A2E8552240E44E0086829C /* AboutAppViewController.swift */,
			);
			path = "From Side Menu";
			sourceTree = "<group>";
		};
		86A6B4E122305E9F002DEFF2 /* Models */ = {
			isa = PBXGroup;
			children = (
				86A6B4E222305EF7002DEFF2 /* LogInModel.swift */,
				862C159B22344A9E00299C53 /* PostModel.swift */,
			);
			path = Models;
			sourceTree = "<group>";
		};
		86D27CB0222C19F400CCC60C /* Services */ = {
			isa = PBXGroup;
			children = (
				86D27CB1222C1B4D00CCC60C /* VKDelegate.swift */,
				86A6B4DF22305B13002DEFF2 /* Extensions.swift */,
			);
			path = Services;
			sourceTree = "<group>";
		};
		86FB9E2C22252A4D006AB18E /* Categories */ = {
			isa = PBXGroup;
			children = (
				86FB9E2A221DC558006AB18E /* CategoryCollectionViewCell.swift */,
				869D115C0F46B49D00A22141 /* CategoryViewController.swift */,
				860583832247C12E008C0FFA /* Category.swift */,
				862B28C0223D5FF500EAA0AB /* CleaningViewController.swift */,
				8651723422665195001FBA06 /* SendEmailViewController.swift */,
			);
			path = Categories;
			sourceTree = "<group>";
		};
		86FB9E2D22252AE4006AB18E /* Colors */ = {
			isa = PBXGroup;
			children = (
				867DE7752202FC83008C0B26 /* Gradient.swift */,
				867DE77722032806008C0B26 /* ConstantColors.swift */,
			);
			path = Colors;
			sourceTree = "<group>";
		};
		86FB9E2E222717DA006AB18E /* Side Menu */ = {
			isa = PBXGroup;
			children = (
				8621AE43225FC0A000A256F5 /* App_hse-Bridging-Header.h */,
				8605E740223846C600F667D4 /* SideTableTableViewController.swift */,
				86A6B4DC22304BF1002DEFF2 /* SWRevealViewController.h */,
				86A6B4DB22304BF1002DEFF2 /* SWRevealViewController.m */,
			);
			path = "Side Menu";
			sourceTree = "<group>";
		};
		882A5C1F2200F26700D277A5 /* fonts */ = {
			isa = PBXGroup;
			children = (
				867DE77322020B7E008C0B26 /* Monaco.ttf */,
				867DE77122020218008C0B26 /* Montserrat-Medium.ttf */,
				867DE76F2201FA68008C0B26 /* Montserrat-Regular.ttf */,
				882A5C202200F26700D277A5 /* Montserrat-Bold.ttf */,
			);
			path = fonts;
			sourceTree = "<group>";
		};
		ECF8AF73EE97468AC8DD9AE2 /* Frameworks */ = {
			isa = PBXGroup;
			children = (
				8651723622665BD4001FBA06 /* MessageUI.framework */,
				3E758072F2991C01F43B6FA4 /* Pods_App_hse.framework */,
			);
			name = Frameworks;
			sourceTree = "<group>";
		};
/* End PBXGroup section */

/* Begin PBXNativeTarget section */
		8628929521EFA9B2007BA072 /* App_hse */ = {
			isa = PBXNativeTarget;
			buildConfigurationList = 862892A821EFA9B4007BA072 /* Build configuration list for PBXNativeTarget "App_hse" */;
			buildPhases = (
				B6D3080961F4E86F79F959E2 /* [CP] Check Pods Manifest.lock */,
				8628929221EFA9B2007BA072 /* Sources */,
				8628929321EFA9B2007BA072 /* Frameworks */,
				8628929421EFA9B2007BA072 /* Resources */,
				001CA9197417B90E22DF32D0 /* [CP] Embed Pods Frameworks */,
			);
			buildRules = (
			);
			dependencies = (
			);
			name = App_hse;
			productName = App_hse;
			productReference = 8628929621EFA9B2007BA072 /* App_hse.app */;
			productType = "com.apple.product-type.application";
		};
/* End PBXNativeTarget section */

/* Begin PBXProject section */
		8628928E21EFA9B2007BA072 /* Project object */ = {
			isa = PBXProject;
			attributes = {
				LastSwiftUpdateCheck = 1010;
				LastUpgradeCheck = 1010;
				ORGANIZATIONNAME = VladislavaVakulenko;
				TargetAttributes = {
					8628929521EFA9B2007BA072 = {
						CreatedOnToolsVersion = 10.1;
						LastSwiftMigration = 1010;
					};
				};
			};
			buildConfigurationList = 8628929121EFA9B2007BA072 /* Build configuration list for PBXProject "App_hse" */;
			compatibilityVersion = "Xcode 9.3";
			developmentRegion = en;
			hasScannedForEncodings = 0;
			knownRegions = (
				en,
				Base,
			);
			mainGroup = 8628928D21EFA9B2007BA072;
			productRefGroup = 8628929721EFA9B2007BA072 /* Products */;
			projectDirPath = "";
			projectRoot = "";
			targets = (
				8628929521EFA9B2007BA072 /* App_hse */,
			);
		};
/* End PBXProject section */

/* Begin PBXResourcesBuildPhase section */
		8628929421EFA9B2007BA072 /* Resources */ = {
			isa = PBXResourcesBuildPhase;
			buildActionMask = 2147483647;
			files = (
				868CD00122634006004849BE /* Campuses.plist in Resources */,
				868CCFFF22634006004849BE /* Subways.plist in Resources */,
				868CD00022634006004849BE /* Stations.plist in Resources */,
				867DE7702201FA68008C0B26 /* Montserrat-Regular.ttf in Resources */,
				882A5C212200F26700D277A5 /* Montserrat-Bold.ttf in Resources */,
				862892A421EFA9B4007BA072 /* LaunchScreen.storyboard in Resources */,
				862892A121EFA9B4007BA072 /* Assets.xcassets in Resources */,
				868CCFFE22634006004849BE /* Dormitories.plist in Resources */,
				8651723B22688327001FBA06 /* Localizable.strings in Resources */,
				867DE77222020218008C0B26 /* Montserrat-Medium.ttf in Resources */,
				867DE77422020B7E008C0B26 /* Monaco.ttf in Resources */,
				8628929F21EFA9B2007BA072 /* Main.storyboard in Resources */,
			);
			runOnlyForDeploymentPostprocessing = 0;
		};
/* End PBXResourcesBuildPhase section */

/* Begin PBXShellScriptBuildPhase section */
		001CA9197417B90E22DF32D0 /* [CP] Embed Pods Frameworks */ = {
			isa = PBXShellScriptBuildPhase;
			buildActionMask = 2147483647;
			files = (
			);
			inputFileListPaths = (
			);
			inputPaths = (
				"${PODS_ROOT}/Target Support Files/Pods-App_hse/Pods-App_hse-frameworks.sh",
				"${BUILT_PRODUCTS_DIR}/Just/Just.framework",
				"${BUILT_PRODUCTS_DIR}/Kingfisher/Kingfisher.framework",
				"${BUILT_PRODUCTS_DIR}/SwiftyJSON/SwiftyJSON.framework",
				"${BUILT_PRODUCTS_DIR}/SwiftyVK/SwiftyVK.framework",
			);
			name = "[CP] Embed Pods Frameworks";
			outputFileListPaths = (
			);
			outputPaths = (
				"${TARGET_BUILD_DIR}/${FRAMEWORKS_FOLDER_PATH}/Just.framework",
				"${TARGET_BUILD_DIR}/${FRAMEWORKS_FOLDER_PATH}/Kingfisher.framework",
				"${TARGET_BUILD_DIR}/${FRAMEWORKS_FOLDER_PATH}/SwiftyJSON.framework",
				"${TARGET_BUILD_DIR}/${FRAMEWORKS_FOLDER_PATH}/SwiftyVK.framework",
			);
			runOnlyForDeploymentPostprocessing = 0;
			shellPath = /bin/sh;
			shellScript = "\"${PODS_ROOT}/Target Support Files/Pods-App_hse/Pods-App_hse-frameworks.sh\"\n";
			showEnvVarsInLog = 0;
		};
		B6D3080961F4E86F79F959E2 /* [CP] Check Pods Manifest.lock */ = {
			isa = PBXShellScriptBuildPhase;
			buildActionMask = 2147483647;
			files = (
			);
			inputFileListPaths = (
			);
			inputPaths = (
				"${PODS_PODFILE_DIR_PATH}/Podfile.lock",
				"${PODS_ROOT}/Manifest.lock",
			);
			name = "[CP] Check Pods Manifest.lock";
			outputFileListPaths = (
			);
			outputPaths = (
				"$(DERIVED_FILE_DIR)/Pods-App_hse-checkManifestLockResult.txt",
			);
			runOnlyForDeploymentPostprocessing = 0;
			shellPath = /bin/sh;
			shellScript = "diff \"${PODS_PODFILE_DIR_PATH}/Podfile.lock\" \"${PODS_ROOT}/Manifest.lock\" > /dev/null\nif [ $? != 0 ] ; then\n    # print error to STDERR\n    echo \"error: The sandbox is not in sync with the Podfile.lock. Run 'pod install' or update your CocoaPods installation.\" >&2\n    exit 1\nfi\n# This output is used by Xcode 'outputs' to avoid re-running this script phase.\necho \"SUCCESS\" > \"${SCRIPT_OUTPUT_FILE_0}\"\n";
			showEnvVarsInLog = 0;
		};
/* End PBXShellScriptBuildPhase section */

/* Begin PBXSourcesBuildPhase section */
		8628929221EFA9B2007BA072 /* Sources */ = {
			isa = PBXSourcesBuildPhase;
			buildActionMask = 2147483647;
			files = (
				86A2E8562240E44E0086829C /* AboutAppViewController.swift in Sources */,
				8621AE4B225FE2D200A256F5 /* Date.swift in Sources */,
				8629FC5E2232F8ED00C55F86 /* PostsViewController.swift in Sources */,
				8651723522665195001FBA06 /* SendEmailViewController.swift in Sources */,
				8629FC612232F94E00C55F86 /* PostsCell.swift in Sources */,
				8628929C21EFA9B2007BA072 /* LoginViewController.swift in Sources */,
				862B28D5223D8B8300EAA0AB /* StorageManager.swift in Sources */,
				862C159C22344A9E00299C53 /* PostModel.swift in Sources */,
				8621AE3D225F94B000A256F5 /* GetFirstTableViewController.swift in Sources */,
				869D115D0F46B49D00A22141 /* CategoryViewController.swift in Sources */,
				8621AE42225FAEF700A256F5 /* CampusPickerViewController.swift in Sources */,
				868CCFF6226228CF004849BE /* ScheduleService.swift in Sources */,
				8628929A21EFA9B2007BA072 /* AppDelegate.swift in Sources */,
				867DE7762202FC83008C0B26 /* Gradient.swift in Sources */,
				862B28C1223D5FF500EAA0AB /* CleaningViewController.swift in Sources */,
				8695A0A0225A6F680088BBFA /* CreatePostViewController.swift in Sources */,
				8621AE47225FE19C00A256F5 /* RouteDataModel.swift in Sources */,
				86A6B4E322305EF7002DEFF2 /* LogInModel.swift in Sources */,
				8605E741223846C600F667D4 /* SideTableTableViewController.swift in Sources */,
				867DE77822032806008C0B26 /* ConstantColors.swift in Sources */,
				862B28D1223D870100EAA0AB /* Model.xcdatamodeld in Sources */,
				860583842247C12E008C0FFA /* Category.swift in Sources */,
				868CD0022263611F004849BE /* RouteStep.swift in Sources */,
				8673081E223D984F00D80A08 /* Post+Save.swift in Sources */,
				862B28D3223D879900EAA0AB /* CoreDataStack.swift in Sources */,
				86A6B4E022305B13002DEFF2 /* Extensions.swift in Sources */,
				86A6B4DD22304BF1002DEFF2 /* SWRevealViewController.m in Sources */,
				8621AE45225FC2CB00A256F5 /* TimePickerViewController.swift in Sources */,
				86FB9E2B221DC558006AB18E /* CategoryCollectionViewCell.swift in Sources */,
				868CCFF92262669F004849BE /* RouteTableTableViewController.swift in Sources */,
				86A2E853223FD4EA0086829C /* ProfileViewController.swift in Sources */,
				86A2E850223EBA1F0086829C /* FavoritesViewController.swift in Sources */,
				86D27CB2222C1B4D00CCC60C /* VKDelegate.swift in Sources */,
			);
			runOnlyForDeploymentPostprocessing = 0;
		};
/* End PBXSourcesBuildPhase section */

/* Begin PBXVariantGroup section */
		8628929D21EFA9B2007BA072 /* Main.storyboard */ = {
			isa = PBXVariantGroup;
			children = (
				8628929E21EFA9B2007BA072 /* Base */,
			);
			name = Main.storyboard;
			sourceTree = "<group>";
		};
		862892A221EFA9B4007BA072 /* LaunchScreen.storyboard */ = {
			isa = PBXVariantGroup;
			children = (
				862892A321EFA9B4007BA072 /* Base */,
			);
			name = LaunchScreen.storyboard;
			sourceTree = "<group>";
		};
/* End PBXVariantGroup section */

/* Begin XCBuildConfiguration section */
		862892A621EFA9B4007BA072 /* Debug */ = {
			isa = XCBuildConfiguration;
			buildSettings = {
				ALWAYS_SEARCH_USER_PATHS = NO;
				CLANG_ANALYZER_NONNULL = YES;
				CLANG_ANALYZER_NUMBER_OBJECT_CONVERSION = YES_AGGRESSIVE;
				CLANG_CXX_LANGUAGE_STANDARD = "gnu++14";
				CLANG_CXX_LIBRARY = "libc++";
				CLANG_ENABLE_MODULES = YES;
				CLANG_ENABLE_OBJC_ARC = YES;
				CLANG_ENABLE_OBJC_WEAK = YES;
				CLANG_WARN_BLOCK_CAPTURE_AUTORELEASING = YES;
				CLANG_WARN_BOOL_CONVERSION = YES;
				CLANG_WARN_COMMA = YES;
				CLANG_WARN_CONSTANT_CONVERSION = YES;
				CLANG_WARN_DEPRECATED_OBJC_IMPLEMENTATIONS = YES;
				CLANG_WARN_DIRECT_OBJC_ISA_USAGE = YES_ERROR;
				CLANG_WARN_DOCUMENTATION_COMMENTS = YES;
				CLANG_WARN_EMPTY_BODY = YES;
				CLANG_WARN_ENUM_CONVERSION = YES;
				CLANG_WARN_INFINITE_RECURSION = YES;
				CLANG_WARN_INT_CONVERSION = YES;
				CLANG_WARN_NON_LITERAL_NULL_CONVERSION = YES;
				CLANG_WARN_OBJC_IMPLICIT_RETAIN_SELF = YES;
				CLANG_WARN_OBJC_LITERAL_CONVERSION = YES;
				CLANG_WARN_OBJC_ROOT_CLASS = YES_ERROR;
				CLANG_WARN_RANGE_LOOP_ANALYSIS = YES;
				CLANG_WARN_STRICT_PROTOTYPES = YES;
				CLANG_WARN_SUSPICIOUS_MOVE = YES;
				CLANG_WARN_UNGUARDED_AVAILABILITY = YES_AGGRESSIVE;
				CLANG_WARN_UNREACHABLE_CODE = YES;
				CLANG_WARN__DUPLICATE_METHOD_MATCH = YES;
				CODE_SIGN_IDENTITY = "iPhone Developer";
				COPY_PHASE_STRIP = NO;
				DEBUG_INFORMATION_FORMAT = dwarf;
				ENABLE_STRICT_OBJC_MSGSEND = YES;
				ENABLE_TESTABILITY = YES;
				GCC_C_LANGUAGE_STANDARD = gnu11;
				GCC_DYNAMIC_NO_PIC = NO;
				GCC_NO_COMMON_BLOCKS = YES;
				GCC_OPTIMIZATION_LEVEL = 0;
				GCC_PREPROCESSOR_DEFINITIONS = (
					"DEBUG=1",
					"$(inherited)",
				);
				GCC_WARN_64_TO_32_BIT_CONVERSION = YES;
				GCC_WARN_ABOUT_RETURN_TYPE = YES_ERROR;
				GCC_WARN_UNDECLARED_SELECTOR = YES;
				GCC_WARN_UNINITIALIZED_AUTOS = YES_AGGRESSIVE;
				GCC_WARN_UNUSED_FUNCTION = YES;
				GCC_WARN_UNUSED_VARIABLE = YES;
				IPHONEOS_DEPLOYMENT_TARGET = 12.1;
				MTL_ENABLE_DEBUG_INFO = INCLUDE_SOURCE;
				MTL_FAST_MATH = YES;
				ONLY_ACTIVE_ARCH = YES;
				SDKROOT = iphoneos;
				SWIFT_ACTIVE_COMPILATION_CONDITIONS = DEBUG;
				SWIFT_OPTIMIZATION_LEVEL = "-Onone";
			};
			name = Debug;
		};
		862892A721EFA9B4007BA072 /* Release */ = {
			isa = XCBuildConfiguration;
			buildSettings = {
				ALWAYS_SEARCH_USER_PATHS = NO;
				CLANG_ANALYZER_NONNULL = YES;
				CLANG_ANALYZER_NUMBER_OBJECT_CONVERSION = YES_AGGRESSIVE;
				CLANG_CXX_LANGUAGE_STANDARD = "gnu++14";
				CLANG_CXX_LIBRARY = "libc++";
				CLANG_ENABLE_MODULES = YES;
				CLANG_ENABLE_OBJC_ARC = YES;
				CLANG_ENABLE_OBJC_WEAK = YES;
				CLANG_WARN_BLOCK_CAPTURE_AUTORELEASING = YES;
				CLANG_WARN_BOOL_CONVERSION = YES;
				CLANG_WARN_COMMA = YES;
				CLANG_WARN_CONSTANT_CONVERSION = YES;
				CLANG_WARN_DEPRECATED_OBJC_IMPLEMENTATIONS = YES;
				CLANG_WARN_DIRECT_OBJC_ISA_USAGE = YES_ERROR;
				CLANG_WARN_DOCUMENTATION_COMMENTS = YES;
				CLANG_WARN_EMPTY_BODY = YES;
				CLANG_WARN_ENUM_CONVERSION = YES;
				CLANG_WARN_INFINITE_RECURSION = YES;
				CLANG_WARN_INT_CONVERSION = YES;
				CLANG_WARN_NON_LITERAL_NULL_CONVERSION = YES;
				CLANG_WARN_OBJC_IMPLICIT_RETAIN_SELF = YES;
				CLANG_WARN_OBJC_LITERAL_CONVERSION = YES;
				CLANG_WARN_OBJC_ROOT_CLASS = YES_ERROR;
				CLANG_WARN_RANGE_LOOP_ANALYSIS = YES;
				CLANG_WARN_STRICT_PROTOTYPES = YES;
				CLANG_WARN_SUSPICIOUS_MOVE = YES;
				CLANG_WARN_UNGUARDED_AVAILABILITY = YES_AGGRESSIVE;
				CLANG_WARN_UNREACHABLE_CODE = YES;
				CLANG_WARN__DUPLICATE_METHOD_MATCH = YES;
				CODE_SIGN_IDENTITY = "iPhone Developer";
				COPY_PHASE_STRIP = NO;
				DEBUG_INFORMATION_FORMAT = "dwarf-with-dsym";
				ENABLE_NS_ASSERTIONS = NO;
				ENABLE_STRICT_OBJC_MSGSEND = YES;
				GCC_C_LANGUAGE_STANDARD = gnu11;
				GCC_NO_COMMON_BLOCKS = YES;
				GCC_WARN_64_TO_32_BIT_CONVERSION = YES;
				GCC_WARN_ABOUT_RETURN_TYPE = YES_ERROR;
				GCC_WARN_UNDECLARED_SELECTOR = YES;
				GCC_WARN_UNINITIALIZED_AUTOS = YES_AGGRESSIVE;
				GCC_WARN_UNUSED_FUNCTION = YES;
				GCC_WARN_UNUSED_VARIABLE = YES;
				IPHONEOS_DEPLOYMENT_TARGET = 12.1;
				MTL_ENABLE_DEBUG_INFO = NO;
				MTL_FAST_MATH = YES;
				SDKROOT = iphoneos;
				SWIFT_COMPILATION_MODE = wholemodule;
				SWIFT_OPTIMIZATION_LEVEL = "-O";
				VALIDATE_PRODUCT = YES;
			};
			name = Release;
		};
		862892A921EFA9B4007BA072 /* Debug */ = {
			isa = XCBuildConfiguration;
			baseConfigurationReference = AC912F3562BCCBDA5FEABAFA /* Pods-App_hse.debug.xcconfig */;
			buildSettings = {
				ASSETCATALOG_COMPILER_APPICON_NAME = AppIcon;
				CLANG_ENABLE_MODULES = YES;
				CODE_SIGN_IDENTITY = "iPhone Developer";
				CODE_SIGN_STYLE = Automatic;
				DEVELOPMENT_TEAM = GD7JFQT486;
				INFOPLIST_FILE = App_hse/Info.plist;
				LD_RUNPATH_SEARCH_PATHS = (
					"$(inherited)",
					"@executable_path/Frameworks",
				);
				PRODUCT_BUNDLE_IDENTIFIER = "com.VAKULENKO.App-hse";
				PRODUCT_NAME = "$(TARGET_NAME)";
				PROVISIONING_PROFILE_SPECIFIER = "";
				SWIFT_OBJC_BRIDGING_HEADER = "App_hse/Side Menu/App_hse-Bridging-Header.h";
				SWIFT_OPTIMIZATION_LEVEL = "-Onone";
				SWIFT_VERSION = 4.2;
				TARGETED_DEVICE_FAMILY = "1,2";
			};
			name = Debug;
		};
		862892AA21EFA9B4007BA072 /* Release */ = {
			isa = XCBuildConfiguration;
			baseConfigurationReference = D0FC799F140FAF366CCB6AD0 /* Pods-App_hse.release.xcconfig */;
			buildSettings = {
				ASSETCATALOG_COMPILER_APPICON_NAME = AppIcon;
				CLANG_ENABLE_MODULES = YES;
				CODE_SIGN_IDENTITY = "iPhone Developer";
				CODE_SIGN_STYLE = Automatic;
				DEVELOPMENT_TEAM = GD7JFQT486;
				INFOPLIST_FILE = App_hse/Info.plist;
				LD_RUNPATH_SEARCH_PATHS = (
					"$(inherited)",
					"@executable_path/Frameworks",
				);
				PRODUCT_BUNDLE_IDENTIFIER = "com.VAKULENKO.App-hse";
				PRODUCT_NAME = "$(TARGET_NAME)";
				PROVISIONING_PROFILE_SPECIFIER = "";
				SWIFT_OBJC_BRIDGING_HEADER = "App_hse/Side Menu/App_hse-Bridging-Header.h";
				SWIFT_VERSION = 4.2;
				TARGETED_DEVICE_FAMILY = "1,2";
			};
			name = Release;
		};
/* End XCBuildConfiguration section */

/* Begin XCConfigurationList section */
		8628929121EFA9B2007BA072 /* Build configuration list for PBXProject "App_hse" */ = {
			isa = XCConfigurationList;
			buildConfigurations = (
				862892A621EFA9B4007BA072 /* Debug */,
				862892A721EFA9B4007BA072 /* Release */,
			);
			defaultConfigurationIsVisible = 0;
			defaultConfigurationName = Release;
		};
		862892A821EFA9B4007BA072 /* Build configuration list for PBXNativeTarget "App_hse" */ = {
			isa = XCConfigurationList;
			buildConfigurations = (
				862892A921EFA9B4007BA072 /* Debug */,
				862892AA21EFA9B4007BA072 /* Release */,
			);
			defaultConfigurationIsVisible = 0;
			defaultConfigurationName = Release;
		};
/* End XCConfigurationList section */

/* Begin XCVersionGroup section */
		862B28CF223D870100EAA0AB /* Model.xcdatamodeld */ = {
			isa = XCVersionGroup;
			children = (
				862B28D0223D870100EAA0AB /* Model.xcdatamodel */,
			);
			currentVersion = 862B28D0223D870100EAA0AB /* Model.xcdatamodel */;
			path = Model.xcdatamodeld;
			sourceTree = "<group>";
			versionGroupType = wrapper.xcdatamodel;
		};
/* End XCVersionGroup section */
	};
	rootObject = 8628928E21EFA9B2007BA072 /* Project object */;
}
